PODS:
  - FDFullscreenPopGesture (1.1)
  - HBDNavigationBar (1.5.2)
  - UINavigation-SXFixSpace (1.2.4)

DEPENDENCIES:
  - FDFullscreenPopGesture (~> 1.1)
  - HBDNavigationBar
  - UINavigation-SXFixSpace (~> 1.2.4)

SPEC REPOS:
  https://github.com/cocoapods/specs.git:
    - FDFullscreenPopGesture
    - HBDNavigationBar
    - UINavigation-SXFixSpace

SPEC CHECKSUMS:
  FDFullscreenPopGesture: a8a620179e3d9c40e8e00256dcee1c1a27c6d0f0
  HBDNavigationBar: 1c470db0183d1aa8cbb4912196cfb10752eebcc8
  UINavigation-SXFixSpace: 10f223253ebff2ceefa26694e23b7694269763c4

PODFILE CHECKSUM: 42a153ec4291e0c927bf45f4ee6bb5fc80569446

COCOAPODS: 1.7.0.beta.3
